// !$*UTF8*$!
{
	archiveVersion = 1;
	classes = {
	};
	objectVersion = 56;
	objects = {

/* Begin PBXBuildFile section */
		D31F29E12AB5FCBB00F78018 /* TexxesApp.swift in Sources */ = {isa = PBXBuildFile; fileRef = D31F29E02AB5FCBB00F78018 /* TexxesApp.swift */; };
		D31F29E32AB5FCBB00F78018 /* ContentView.swift in Sources */ = {isa = PBXBuildFile; fileRef = D31F29E22AB5FCBB00F78018 /* ContentView.swift */; };
		D31F29E52AB5FCBC00F78018 /* Assets.xcassets in Resources */ = {isa = PBXBuildFile; fileRef = D31F29E42AB5FCBC00F78018 /* Assets.xcassets */; };
		D31F29E82AB5FCBC00F78018 /* Preview Assets.xcassets in Resources */ = {isa = PBXBuildFile; fileRef = D31F29E72AB5FCBC00F78018 /* Preview Assets.xcassets */; };
		D31F29F22AB5FCBD00F78018 /* TexxesTests.swift in Sources */ = {isa = PBXBuildFile; fileRef = D31F29F12AB5FCBD00F78018 /* TexxesTests.swift */; };
		D31F29FC2AB5FCBD00F78018 /* TexxesUITests.swift in Sources */ = {isa = PBXBuildFile; fileRef = D31F29FB2AB5FCBD00F78018 /* TexxesUITests.swift */; };
		D31F29FE2AB5FCBD00F78018 /* TexxesUITestsLaunchTests.swift in Sources */ = {isa = PBXBuildFile; fileRef = D31F29FD2AB5FCBD00F78018 /* TexxesUITestsLaunchTests.swift */; };
/* End PBXBuildFile section */

/* Begin PBXContainerItemProxy section */
		D31F29EE2AB5FCBD00F78018 /* PBXContainerItemProxy */ = {
			isa = PBXContainerItemProxy;
			containerPortal = D31F29D52AB5FCBB00F78018 /* Project object */;
			proxyType = 1;
			remoteGlobalIDString = D31F29DC2AB5FCBB00F78018;
			remoteInfo = Texxes;
		};
		D31F29F82AB5FCBD00F78018 /* PBXContainerItemProxy */ = {
			isa = PBXContainerItemProxy;
			containerPortal = D31F29D52AB5FCBB00F78018 /* Project object */;
			proxyType = 1;
			remoteGlobalIDString = D31F29DC2AB5FCBB00F78018;
			remoteInfo = Texxes;
		};
/* End PBXContainerItemProxy section */

/* Begin PBXFileReference section */
		D31F29DD2AB5FCBB00F78018 /* Texxes.app */ = {isa = PBXFileReference; explicitFileType = wrapper.application; includeInIndex = 0; path = Texxes.app; sourceTree = BUILT_PRODUCTS_DIR; };
		D31F29E02AB5FCBB00F78018 /* TexxesApp.swift */ = {isa = PBXFileReference; lastKnownFileType = sourcecode.swift; path = TexxesApp.swift; sourceTree = "<group>"; };
		D31F29E22AB5FCBB00F78018 /* ContentView.swift */ = {isa = PBXFileReference; lastKnownFileType = sourcecode.swift; path = ContentView.swift; sourceTree = "<group>"; };
		D31F29E42AB5FCBC00F78018 /* Assets.xcassets */ = {isa = PBXFileReference; lastKnownFileType = folder.assetcatalog; path = Assets.xcassets; sourceTree = "<group>"; };
		D31F29E72AB5FCBC00F78018 /* Preview Assets.xcassets */ = {isa = PBXFileReference; lastKnownFileType = folder.assetcatalog; path = "Preview Assets.xcassets"; sourceTree = "<group>"; };
		D31F29ED2AB5FCBD00F78018 /* TexxesTests.xctest */ = {isa = PBXFileReference; explicitFileType = wrapper.cfbundle; includeInIndex = 0; path = TexxesTests.xctest; sourceTree = BUILT_PRODUCTS_DIR; };
		D31F29F12AB5FCBD00F78018 /* TexxesTests.swift */ = {isa = PBXFileReference; lastKnownFileType = sourcecode.swift; path = TexxesTests.swift; sourceTree = "<group>"; };
		D31F29F72AB5FCBD00F78018 /* TexxesUITests.xctest */ = {isa = PBXFileReference; explicitFileType = wrapper.cfbundle; includeInIndex = 0; path = TexxesUITests.xctest; sourceTree = BUILT_PRODUCTS_DIR; };
		D31F29FB2AB5FCBD00F78018 /* TexxesUITests.swift */ = {isa = PBXFileReference; lastKnownFileType = sourcecode.swift; path = TexxesUITests.swift; sourceTree = "<group>"; };
		D31F29FD2AB5FCBD00F78018 /* TexxesUITestsLaunchTests.swift */ = {isa = PBXFileReference; lastKnownFileType = sourcecode.swift; path = TexxesUITestsLaunchTests.swift; sourceTree = "<group>"; };
/* End PBXFileReference section */

/* Begin PBXFrameworksBuildPhase section */
		D31F29DA2AB5FCBB00F78018 /* Frameworks */ = {
			isa = PBXFrameworksBuildPhase;
			buildActionMask = 2147483647;
			files = (
			);
			runOnlyForDeploymentPostprocessing = 0;
		};
		D31F29EA2AB5FCBD00F78018 /* Frameworks */ = {
			isa = PBXFrameworksBuildPhase;
			buildActionMask = 2147483647;
			files = (
			);
			runOnlyForDeploymentPostprocessing = 0;
		};
		D31F29F42AB5FCBD00F78018 /* Frameworks */ = {
			isa = PBXFrameworksBuildPhase;
			buildActionMask = 2147483647;
			files = (
			);
			runOnlyForDeploymentPostprocessing = 0;
		};
/* End PBXFrameworksBuildPhase section */

/* Begin PBXGroup section */
		D31F29D42AB5FCBB00F78018 = {
			isa = PBXGroup;
			children = (
				D31F29DF2AB5FCBB00F78018 /* Texxes */,
				D31F29F02AB5FCBD00F78018 /* TexxesTests */,
				D31F29FA2AB5FCBD00F78018 /* TexxesUITests */,
				D31F29DE2AB5FCBB00F78018 /* Products */,
			);
			sourceTree = "<group>";
		};
		D31F29DE2AB5FCBB00F78018 /* Products */ = {
			isa = PBXGroup;
			children = (
				D31F29DD2AB5FCBB00F78018 /* Texxes.app */,
				D31F29ED2AB5FCBD00F78018 /* TexxesTests.xctest */,
				D31F29F72AB5FCBD00F78018 /* TexxesUITests.xctest */,
			);
			name = Products;
			sourceTree = "<group>";
		};
		D31F29DF2AB5FCBB00F78018 /* Texxes */ = {
			isa = PBXGroup;
			children = (
				D31F29E02AB5FCBB00F78018 /* TexxesApp.swift */,
				D31F29E22AB5FCBB00F78018 /* ContentView.swift */,
				D31F29E42AB5FCBC00F78018 /* Assets.xcassets */,
				D31F29E62AB5FCBC00F78018 /* Preview Content */,
			);
			path = Texxes;
			sourceTree = "<group>";
		};
		D31F29E62AB5FCBC00F78018 /* Preview Content */ = {
			isa = PBXGroup;
			children = (
				D31F29E72AB5FCBC00F78018 /* Preview Assets.xcassets */,
			);
			path = "Preview Content";
			sourceTree = "<group>";
		};
		D31F29F02AB5FCBD00F78018 /* TexxesTests */ = {
			isa = PBXGroup;
			children = (
				D31F29F12AB5FCBD00F78018 /* TexxesTests.swift */,
			);
			path = TexxesTests;
			sourceTree = "<group>";
		};
		D31F29FA2AB5FCBD00F78018 /* TexxesUITests */ = {
			isa = PBXGroup;
			children = (
				D31F29FB2AB5FCBD00F78018 /* TexxesUITests.swift */,
				D31F29FD2AB5FCBD00F78018 /* TexxesUITestsLaunchTests.swift */,
			);
			path = TexxesUITests;
			sourceTree = "<group>";
		};
/* End PBXGroup section */

/* Begin PBXNativeTarget section */
		D31F29DC2AB5FCBB00F78018 /* Texxes */ = {
			isa = PBXNativeTarget;
			buildConfigurationList = D31F2A012AB5FCBD00F78018 /* Build configuration list for PBXNativeTarget "Texxes" */;
			buildPhases = (
				D31F29D92AB5FCBB00F78018 /* Sources */,
				D31F29DA2AB5FCBB00F78018 /* Frameworks */,
				D31F29DB2AB5FCBB00F78018 /* Resources */,
			);
			buildRules = (
			);
			dependencies = (
			);
			name = Texxes;
			productName = Texxes;
			productReference = D31F29DD2AB5FCBB00F78018 /* Texxes.app */;
			productType = "com.apple.product-type.application";
		};
		D31F29EC2AB5FCBD00F78018 /* TexxesTests */ = {
			isa = PBXNativeTarget;
			buildConfigurationList = D31F2A042AB5FCBD00F78018 /* Build configuration list for PBXNativeTarget "TexxesTests" */;
			buildPhases = (
				D31F29E92AB5FCBD00F78018 /* Sources */,
				D31F29EA2AB5FCBD00F78018 /* Frameworks */,
				D31F29EB2AB5FCBD00F78018 /* Resources */,
			);
			buildRules = (
			);
			dependencies = (
				D31F29EF2AB5FCBD00F78018 /* PBXTargetDependency */,
			);
			name = TexxesTests;
			productName = TexxesTests;
			productReference = D31F29ED2AB5FCBD00F78018 /* TexxesTests.xctest */;
			productType = "com.apple.product-type.bundle.unit-test";
		};
		D31F29F62AB5FCBD00F78018 /* TexxesUITests */ = {
			isa = PBXNativeTarget;
			buildConfigurationList = D31F2A072AB5FCBD00F78018 /* Build configuration list for PBXNativeTarget "TexxesUITests" */;
			buildPhases = (
				D31F29F32AB5FCBD00F78018 /* Sources */,
				D31F29F42AB5FCBD00F78018 /* Frameworks */,
				D31F29F52AB5FCBD00F78018 /* Resources */,
			);
			buildRules = (
			);
			dependencies = (
				D31F29F92AB5FCBD00F78018 /* PBXTargetDependency */,
			);
			name = TexxesUITests;
			productName = TexxesUITests;
			productReference = D31F29F72AB5FCBD00F78018 /* TexxesUITests.xctest */;
			productType = "com.apple.product-type.bundle.ui-testing";
		};
/* End PBXNativeTarget section */

/* Begin PBXProject section */
		D31F29D52AB5FCBB00F78018 /* Project object */ = {
			isa = PBXProject;
			attributes = {
				BuildIndependentTargetsInParallel = 1;
				LastSwiftUpdateCheck = 1430;
				LastUpgradeCheck = 1430;
				TargetAttributes = {
					D31F29DC2AB5FCBB00F78018 = {
						CreatedOnToolsVersion = 14.3;
					};
					D31F29EC2AB5FCBD00F78018 = {
						CreatedOnToolsVersion = 14.3;
						TestTargetID = D31F29DC2AB5FCBB00F78018;
					};
					D31F29F62AB5FCBD00F78018 = {
						CreatedOnToolsVersion = 14.3;
						TestTargetID = D31F29DC2AB5FCBB00F78018;
					};
				};
			};
			buildConfigurationList = D31F29D82AB5FCBB00F78018 /* Build configuration list for PBXProject "Texxes" */;
			compatibilityVersion = "Xcode 14.0";
			developmentRegion = en;
			hasScannedForEncodings = 0;
			knownRegions = (
				en,
				Base,
			);
			mainGroup = D31F29D42AB5FCBB00F78018;
			productRefGroup = D31F29DE2AB5FCBB00F78018 /* Products */;
			projectDirPath = "";
			projectRoot = "";
			targets = (
				D31F29DC2AB5FCBB00F78018 /* Texxes */,
				D31F29EC2AB5FCBD00F78018 /* TexxesTests */,
				D31F29F62AB5FCBD00F78018 /* TexxesUITests */,
			);
		};
/* End PBXProject section */

/* Begin PBXResourcesBuildPhase section */
		D31F29DB2AB5FCBB00F78018 /* Resources */ = {
			isa = PBXResourcesBuildPhase;
			buildActionMask = 2147483647;
			files = (
				D31F29E82AB5FCBC00F78018 /* Preview Assets.xcassets in Resources */,
				D31F29E52AB5FCBC00F78018 /* Assets.xcassets in Resources */,
			);
			runOnlyForDeploymentPostprocessing = 0;
		};
		D31F29EB2AB5FCBD00F78018 /* Resources */ = {
			isa = PBXResourcesBuildPhase;
			buildActionMask = 2147483647;
			files = (
			);
			runOnlyForDeploymentPostprocessing = 0;
		};
		D31F29F52AB5FCBD00F78018 /* Resources */ = {
			isa = PBXResourcesBuildPhase;
			buildActionMask = 2147483647;
			files = (
			);
			runOnlyForDeploymentPostprocessing = 0;
		};
/* End PBXResourcesBuildPhase section */

/* Begin PBXSourcesBuildPhase section */
		D31F29D92AB5FCBB00F78018 /* Sources */ = {
			isa = PBXSourcesBuildPhase;
			buildActionMask = 2147483647;
			files = (
				D31F29E32AB5FCBB00F78018 /* ContentView.swift in Sources */,
				D31F29E12AB5FCBB00F78018 /* TexxesApp.swift in Sources */,
			);
			runOnlyForDeploymentPostprocessing = 0;
		};
		D31F29E92AB5FCBD00F78018 /* Sources */ = {
			isa = PBXSourcesBuildPhase;
			buildActionMask = 2147483647;
			files = (
				D31F29F22AB5FCBD00F78018 /* TexxesTests.swift in Sources */,
			);
			runOnlyForDeploymentPostprocessing = 0;
		};
		D31F29F32AB5FCBD00F78018 /* Sources */ = {
			isa = PBXSourcesBuildPhase;
			buildActionMask = 2147483647;
			files = (
				D31F29FC2AB5FCBD00F78018 /* TexxesUITests.swift in Sources */,
				D31F29FE2AB5FCBD00F78018 /* TexxesUITestsLaunchTests.swift in Sources */,
			);
			runOnlyForDeploymentPostprocessing = 0;
		};
/* End PBXSourcesBuildPhase section */

/* Begin PBXTargetDependency section */
		D31F29EF2AB5FCBD00F78018 /* PBXTargetDependency */ = {
			isa = PBXTargetDependency;
			target = D31F29DC2AB5FCBB00F78018 /* Texxes */;
			targetProxy = D31F29EE2AB5FCBD00F78018 /* PBXContainerItemProxy */;
		};
		D31F29F92AB5FCBD00F78018 /* PBXTargetDependency */ = {
			isa = PBXTargetDependency;
			target = D31F29DC2AB5FCBB00F78018 /* Texxes */;
			targetProxy = D31F29F82AB5FCBD00F78018 /* PBXContainerItemProxy */;
		};
/* End PBXTargetDependency section */

/* Begin XCBuildConfiguration section */
		D31F29FF2AB5FCBD00F78018 /* Debug */ = {
			isa = XCBuildConfiguration;
			buildSettings = {
				ALWAYS_SEARCH_USER_PATHS = NO;
				CLANG_ANALYZER_NONNULL = YES;
				CLANG_ANALYZER_NUMBER_OBJECT_CONVERSION = YES_AGGRESSIVE;
				CLANG_CXX_LANGUAGE_STANDARD = "gnu++20";
				CLANG_ENABLE_MODULES = YES;
				CLANG_ENABLE_OBJC_ARC = YES;
				CLANG_ENABLE_OBJC_WEAK = YES;
				CLANG_WARN_BLOCK_CAPTURE_AUTORELEASING = YES;
				CLANG_WARN_BOOL_CONVERSION = YES;
				CLANG_WARN_COMMA = YES;
				CLANG_WARN_CONSTANT_CONVERSION = YES;
				CLANG_WARN_DEPRECATED_OBJC_IMPLEMENTATIONS = YES;
				CLANG_WARN_DIRECT_OBJC_ISA_USAGE = YES_ERROR;
				CLANG_WARN_DOCUMENTATION_COMMENTS = YES;
				CLANG_WARN_EMPTY_BODY = YES;
				CLANG_WARN_ENUM_CONVERSION = YES;
				CLANG_WARN_INFINITE_RECURSION = YES;
				CLANG_WARN_INT_CONVERSION = YES;
				CLANG_WARN_NON_LITERAL_NULL_CONVERSION = YES;
				CLANG_WARN_OBJC_IMPLICIT_RETAIN_SELF = YES;
				CLANG_WARN_OBJC_LITERAL_CONVERSION = YES;
				CLANG_WARN_OBJC_ROOT_CLASS = YES_ERROR;
				CLANG_WARN_QUOTED_INCLUDE_IN_FRAMEWORK_HEADER = YES;
				CLANG_WARN_RANGE_LOOP_ANALYSIS = YES;
				CLANG_WARN_STRICT_PROTOTYPES = YES;
				CLANG_WARN_SUSPICIOUS_MOVE = YES;
				CLANG_WARN_UNGUARDED_AVAILABILITY = YES_AGGRESSIVE;
				CLANG_WARN_UNREACHABLE_CODE = YES;
				CLANG_WARN__DUPLICATE_METHOD_MATCH = YES;
				COPY_PHASE_STRIP = NO;
				DEBUG_INFORMATION_FORMAT = dwarf;
				ENABLE_STRICT_OBJC_MSGSEND = YES;
				ENABLE_TESTABILITY = YES;
				GCC_C_LANGUAGE_STANDARD = gnu11;
				GCC_DYNAMIC_NO_PIC = NO;
				GCC_NO_COMMON_BLOCKS = YES;
				GCC_OPTIMIZATION_LEVEL = 0;
				GCC_PREPROCESSOR_DEFINITIONS = (
					"DEBUG=1",
					"$(inherited)",
				);
				GCC_WARN_64_TO_32_BIT_CONVERSION = YES;
				GCC_WARN_ABOUT_RETURN_TYPE = YES_ERROR;
				GCC_WARN_UNDECLARED_SELECTOR = YES;
				GCC_WARN_UNINITIALIZED_AUTOS = YES_AGGRESSIVE;
				GCC_WARN_UNUSED_FUNCTION = YES;
				GCC_WARN_UNUSED_VARIABLE = YES;
				IPHONEOS_DEPLOYMENT_TARGET = 16.4;
				MTL_ENABLE_DEBUG_INFO = INCLUDE_SOURCE;
				MTL_FAST_MATH = YES;
				ONLY_ACTIVE_ARCH = YES;
				SDKROOT = iphoneos;
				SWIFT_ACTIVE_COMPILATION_CONDITIONS = DEBUG;
				SWIFT_OPTIMIZATION_LEVEL = "-Onone";
			};
			name = Debug;
		};
		D31F2A002AB5FCBD00F78018 /* Release */ = {
			isa = XCBuildConfiguration;
			buildSettings = {
				ALWAYS_SEARCH_USER_PATHS = NO;
				CLANG_ANALYZER_NONNULL = YES;
				CLANG_ANALYZER_NUMBER_OBJECT_CONVERSION = YES_AGGRESSIVE;
				CLANG_CXX_LANGUAGE_STANDARD = "gnu++20";
				CLANG_ENABLE_MODULES = YES;
				CLANG_ENABLE_OBJC_ARC = YES;
				CLANG_ENABLE_OBJC_WEAK = YES;
				CLANG_WARN_BLOCK_CAPTURE_AUTORELEASING = YES;
				CLANG_WARN_BOOL_CONVERSION = YES;
				CLANG_WARN_COMMA = YES;
				CLANG_WARN_CONSTANT_CONVERSION = YES;
				CLANG_WARN_DEPRECATED_OBJC_IMPLEMENTATIONS = YES;
				CLANG_WARN_DIRECT_OBJC_ISA_USAGE = YES_ERROR;
				CLANG_WARN_DOCUMENTATION_COMMENTS = YES;
				CLANG_WARN_EMPTY_BODY = YES;
				CLANG_WARN_ENUM_CONVERSION = YES;
				CLANG_WARN_INFINITE_RECURSION = YES;
				CLANG_WARN_INT_CONVERSION = YES;
				CLANG_WARN_NON_LITERAL_NULL_CONVERSION = YES;
				CLANG_WARN_OBJC_IMPLICIT_RETAIN_SELF = YES;
				CLANG_WARN_OBJC_LITERAL_CONVERSION = YES;
				CLANG_WARN_OBJC_ROOT_CLASS = YES_ERROR;
				CLANG_WARN_QUOTED_INCLUDE_IN_FRAMEWORK_HEADER = YES;
				CLANG_WARN_RANGE_LOOP_ANALYSIS = YES;
				CLANG_WARN_STRICT_PROTOTYPES = YES;
				CLANG_WARN_SUSPICIOUS_MOVE = YES;
				CLANG_WARN_UNGUARDED_AVAILABILITY = YES_AGGRESSIVE;
				CLANG_WARN_UNREACHABLE_CODE = YES;
				CLANG_WARN__DUPLICATE_METHOD_MATCH = YES;
				COPY_PHASE_STRIP = NO;
				DEBUG_INFORMATION_FORMAT = "dwarf-with-dsym";
				ENABLE_NS_ASSERTIONS = NO;
				ENABLE_STRICT_OBJC_MSGSEND = YES;
				GCC_C_LANGUAGE_STANDARD = gnu11;
				GCC_NO_COMMON_BLOCKS = YES;
				GCC_WARN_64_TO_32_BIT_CONVERSION = YES;
				GCC_WARN_ABOUT_RETURN_TYPE = YES_ERROR;
				GCC_WARN_UNDECLARED_SELECTOR = YES;
				GCC_WARN_UNINITIALIZED_AUTOS = YES_AGGRESSIVE;
				GCC_WARN_UNUSED_FUNCTION = YES;
				GCC_WARN_UNUSED_VARIABLE = YES;
				IPHONEOS_DEPLOYMENT_TARGET = 16.4;
				MTL_ENABLE_DEBUG_INFO = NO;
				MTL_FAST_MATH = YES;
				SDKROOT = iphoneos;
				SWIFT_COMPILATION_MODE = wholemodule;
				SWIFT_OPTIMIZATION_LEVEL = "-O";
				VALIDATE_PRODUCT = YES;
			};
			name = Release;
		};
		D31F2A022AB5FCBD00F78018 /* Debug */ = {
			isa = XCBuildConfiguration;
			buildSettings = {
				ASSETCATALOG_COMPILER_APPICON_NAME = AppIcon;
				ASSETCATALOG_COMPILER_GLOBAL_ACCENT_COLOR_NAME = AccentColor;
				CODE_SIGN_STYLE = Automatic;
				CURRENT_PROJECT_VERSION = 1;
				DEVELOPMENT_ASSET_PATHS = "\"Texxes/Preview Content\"";
				DEVELOPMENT_TEAM = 4FH6SZWG67;
				ENABLE_PREVIEWS = YES;
				GENERATE_INFOPLIST_FILE = YES;
				INFOPLIST_KEY_UIApplicationSceneManifest_Generation = YES;
				INFOPLIST_KEY_UIApplicationSupportsIndirectInputEvents = YES;
				INFOPLIST_KEY_UILaunchScreen_Generation = YES;
				INFOPLIST_KEY_UISupportedInterfaceOrientations_iPad = "UIInterfaceOrientationPortrait UIInterfaceOrientationPortraitUpsideDown UIInterfaceOrientationLandscapeLeft UIInterfaceOrientationLandscapeRight";
				INFOPLIST_KEY_UISupportedInterfaceOrientations_iPhone = "UIInterfaceOrientationPortrait UIInterfaceOrientationLandscapeLeft UIInterfaceOrientationLandscapeRight";
				LD_RUNPATH_SEARCH_PATHS = (
					"$(inherited)",
					"@executable_path/Frameworks",
				);
				MARKETING_VERSION = 1.0;
				PRODUCT_BUNDLE_IDENTIFIER = com.AD.Texxes;
				PRODUCT_NAME = "$(TARGET_NAME)";
				SWIFT_EMIT_LOC_STRINGS = YES;
				SWIFT_VERSION = 5.0;
				TARGETED_DEVICE_FAMILY = "1,2";
			};
			name = Debug;
		};
		D31F2A032AB5FCBD00F78018 /* Release */ = {
			isa = XCBuildConfiguration;
			buildSettings = {
				ASSETCATALOG_COMPILER_APPICON_NAME = AppIcon;
				ASSETCATALOG_COMPILER_GLOBAL_ACCENT_COLOR_NAME = AccentColor;
				CODE_SIGN_STYLE = Automatic;
				CURRENT_PROJECT_VERSION = 1;
				DEVELOPMENT_ASSET_PATHS = "\"Texxes/Preview Content\"";
				DEVELOPMENT_TEAM = 4FH6SZWG67;
				ENABLE_PREVIEWS = YES;
				GENERATE_INFOPLIST_FILE = YES;
				INFOPLIST_KEY_UIApplicationSceneManifest_Generation = YES;
				INFOPLIST_KEY_UIApplicationSupportsIndirectInputEvents = YES;
				INFOPLIST_KEY_UILaunchScreen_Generation = YES;
				INFOPLIST_KEY_UISupportedInterfaceOrientations_iPad = "UIInterfaceOrientationPortrait UIInterfaceOrientationPortraitUpsideDown UIInterfaceOrientationLandscapeLeft UIInterfaceOrientationLandscapeRight";
				INFOPLIST_KEY_UISupportedInterfaceOrientations_iPhone = "UIInterfaceOrientationPortrait UIInterfaceOrientationLandscapeLeft UIInterfaceOrientationLandscapeRight";
				LD_RUNPATH_SEARCH_PATHS = (
					"$(inherited)",
					"@executable_path/Frameworks",
				);
				MARKETING_VERSION = 1.0;
				PRODUCT_BUNDLE_IDENTIFIER = com.AD.Texxes;
				PRODUCT_NAME = "$(TARGET_NAME)";
				SWIFT_EMIT_LOC_STRINGS = YES;
				SWIFT_VERSION = 5.0;
				TARGETED_DEVICE_FAMILY = "1,2";
			};
			name = Release;
		};
		D31F2A052AB5FCBD00F78018 /* Debug */ = {
			isa = XCBuildConfiguration;
			buildSettings = {
				ALWAYS_EMBED_SWIFT_STANDARD_LIBRARIES = YES;
				BUNDLE_LOADER = "$(TEST_HOST)";
				CODE_SIGN_STYLE = Automatic;
				CURRENT_PROJECT_VERSION = 1;
				DEVELOPMENT_TEAM = 4FH6SZWG67;
				GENERATE_INFOPLIST_FILE = YES;
				IPHONEOS_DEPLOYMENT_TARGET = 16.4;
				MARKETING_VERSION = 1.0;
				PRODUCT_BUNDLE_IDENTIFIER = com.AD.TexxesTests;
				PRODUCT_NAME = "$(TARGET_NAME)";
				SWIFT_EMIT_LOC_STRINGS = NO;
				SWIFT_VERSION = 5.0;
				TARGETED_DEVICE_FAMILY = "1,2";
				TEST_HOST = "$(BUILT_PRODUCTS_DIR)/Texxes.app/$(BUNDLE_EXECUTABLE_FOLDER_PATH)/Texxes";
			};
			name = Debug;
		};
		D31F2A062AB5FCBD00F78018 /* Release */ = {
			isa = XCBuildConfiguration;
			buildSettings = {
				ALWAYS_EMBED_SWIFT_STANDARD_LIBRARIES = YES;
				BUNDLE_LOADER = "$(TEST_HOST)";
				CODE_SIGN_STYLE = Automatic;
				CURRENT_PROJECT_VERSION = 1;
				DEVELOPMENT_TEAM = 4FH6SZWG67;
				GENERATE_INFOPLIST_FILE = YES;
				IPHONEOS_DEPLOYMENT_TARGET = 16.4;
				MARKETING_VERSION = 1.0;
				PRODUCT_BUNDLE_IDENTIFIER = com.AD.TexxesTests;
				PRODUCT_NAME = "$(TARGET_NAME)";
				SWIFT_EMIT_LOC_STRINGS = NO;
				SWIFT_VERSION = 5.0;
				TARGETED_DEVICE_FAMILY = "1,2";
				TEST_HOST = "$(BUILT_PRODUCTS_DIR)/Texxes.app/$(BUNDLE_EXECUTABLE_FOLDER_PATH)/Texxes";
			};
			name = Release;
		};
		D31F2A082AB5FCBD00F78018 /* Debug */ = {
			isa = XCBuildConfiguration;
			buildSettings = {
				ALWAYS_EMBED_SWIFT_STANDARD_LIBRARIES = YES;
				CODE_SIGN_STYLE = Automatic;
				CURRENT_PROJECT_VERSION = 1;
				DEVELOPMENT_TEAM = 4FH6SZWG67;
				GENERATE_INFOPLIST_FILE = YES;
				MARKETING_VERSION = 1.0;
				PRODUCT_BUNDLE_IDENTIFIER = com.AD.TexxesUITests;
				PRODUCT_NAME = "$(TARGET_NAME)";
				SWIFT_EMIT_LOC_STRINGS = NO;
				SWIFT_VERSION = 5.0;
				TARGETED_DEVICE_FAMILY = "1,2";
				TEST_TARGET_NAME = Texxes;
			};
			name = Debug;
		};
		D31F2A092AB5FCBD00F78018 /* Release */ = {
			isa = XCBuildConfiguration;
			buildSettings = {
				ALWAYS_EMBED_SWIFT_STANDARD_LIBRARIES = YES;
				CODE_SIGN_STYLE = Automatic;
				CURRENT_PROJECT_VERSION = 1;
				DEVELOPMENT_TEAM = 4FH6SZWG67;
				GENERATE_INFOPLIST_FILE = YES;
				MARKETING_VERSION = 1.0;
				PRODUCT_BUNDLE_IDENTIFIER = com.AD.TexxesUITests;
				PRODUCT_NAME = "$(TARGET_NAME)";
				SWIFT_EMIT_LOC_STRINGS = NO;
				SWIFT_VERSION = 5.0;
				TARGETED_DEVICE_FAMILY = "1,2";
				TEST_TARGET_NAME = Texxes;
			};
			name = Release;
		};
/* End XCBuildConfiguration section */

/* Begin XCConfigurationList section */
		D31F29D82AB5FCBB00F78018 /* Build configuration list for PBXProject "Texxes" */ = {
			isa = XCConfigurationList;
			buildConfigurations = (
				D31F29FF2AB5FCBD00F78018 /* Debug */,
				D31F2A002AB5FCBD00F78018 /* Release */,
			);
			defaultConfigurationIsVisible = 0;
			defaultConfigurationName = Release;
		};
		D31F2A012AB5FCBD00F78018 /* Build configuration list for PBXNativeTarget "Texxes" */ = {
			isa = XCConfigurationList;
			buildConfigurations = (
				D31F2A022AB5FCBD00F78018 /* Debug */,
				D31F2A032AB5FCBD00F78018 /* Release */,
			);
			defaultConfigurationIsVisible = 0;
			defaultConfigurationName = Release;
		};
		D31F2A042AB5FCBD00F78018 /* Build configuration list for PBXNativeTarget "TexxesTests" */ = {
			isa = XCConfigurationList;
			buildConfigurations = (
				D31F2A052AB5FCBD00F78018 /* Debug */,
				D31F2A062AB5FCBD00F78018 /* Release */,
			);
			defaultConfigurationIsVisible = 0;
			defaultConfigurationName = Release;
		};
		D31F2A072AB5FCBD00F78018 /* Build configuration list for PBXNativeTarget "TexxesUITests" */ = {
			isa = XCConfigurationList;
			buildConfigurations = (
				D31F2A082AB5FCBD00F78018 /* Debug */,
				D31F2A092AB5FCBD00F78018 /* Release */,
			);
			defaultConfigurationIsVisible = 0;
			defaultConfigurationName = Release;
		};
/* End XCConfigurationList section */
	};
	rootObject = D31F29D52AB5FCBB00F78018 /* Project object */;
}
